
Microsoft Visual Studio Solution File, Format Version 12.00
# Visual Studio Version 17
VisualStudioVersion = 17.6.33723.286
MinimumVisualStudioVersion = 10.0.40219.1
Project("{FAE04EC0-301F-11D3-BF4B-00C04F79EFBC}") = "Task-6", "Task-6\Task-6.csproj", "{35DC1B10-3BA0-4770-B572-8A8F194A2D80}"
EndProject
Project("{FAE04EC0-301F-11D3-BF4B-00C04F79EFBC}") = "Contacts", "Contacts\Contacts.csproj", "{3A318F57-CE0A-4634-9455-E3B8A1BC7C23}"
EndProject
Project("{FAE04EC0-301F-11D3-BF4B-00C04F79EFBC}") = "StudentsList", "StudentsList\StudentsList.csproj", "{D074B7E3-C660-4418-AD7C-8A0E071E46FB}"
EndProject
Project("{FAE04EC0-301F-11D3-BF4B-00C04F79EFBC}") = "BuyerQueue", "BuyerQueue\BuyerQueue.csproj", "{FA09839B-2B87-4B2F-A55C-397F23093360}"
EndProject
Project("{FAE04EC0-301F-11D3-BF4B-00C04F79EFBC}") = "BooksHashTable", "BooksHashTable\BooksHashTable.csproj", "{97CF52FC-1DD5-40B8-A4E1-97A290388FE0}"
EndProject
Global
	GlobalSection(SolutionConfigurationPlatforms) = preSolution
		Debug|Any CPU = Debug|Any CPU
		Release|Any CPU = Release|Any CPU
	EndGlobalSection
	GlobalSection(ProjectConfigurationPlatforms) = postSolution
		{35DC1B10-3BA0-4770-B572-8A8F194A2D80}.Debug|Any CPU.ActiveCfg = Debug|Any CPU
		{35DC1B10-3BA0-4770-B572-8A8F194A2D80}.Debug|Any CPU.Build.0 = Debug|Any CPU
		{35DC1B10-3BA0-4770-B572-8A8F194A2D80}.Release|Any CPU.ActiveCfg = Release|Any CPU
		{35DC1B10-3BA0-4770-B572-8A8F194A2D80}.Release|Any CPU.Build.0 = Release|Any CPU
		{3A318F57-CE0A-4634-9455-E3B8A1BC7C23}.Debug|Any CPU.ActiveCfg = Debug|Any CPU
		{3A318F57-CE0A-4634-9455-E3B8A1BC7C23}.Debug|Any CPU.Build.0 = Debug|Any CPU
		{3A318F57-CE0A-4634-9455-E3B8A1BC7C23}.Release|Any CPU.ActiveCfg = Release|Any CPU
		{3A318F57-CE0A-4634-9455-E3B8A1BC7C23}.Release|Any CPU.Build.0 = Release|Any CPU
		{D074B7E3-C660-4418-AD7C-8A0E071E46FB}.Debug|Any CPU.ActiveCfg = Debug|Any CPU
		{D074B7E3-C660-4418-AD7C-8A0E071E46FB}.Debug|Any CPU.Build.0 = Debug|Any CPU
		{D074B7E3-C660-4418-AD7C-8A0E071E46FB}.Release|Any CPU.ActiveCfg = Release|Any CPU
		{D074B7E3-C660-4418-AD7C-8A0E071E46FB}.Release|Any CPU.Build.0 = Release|Any CPU
		{FA09839B-2B87-4B2F-A55C-397F23093360}.Debug|Any CPU.ActiveCfg = Debug|Any CPU
		{FA09839B-2B87-4B2F-A55C-397F23093360}.Debug|Any CPU.Build.0 = Debug|Any CPU
		{FA09839B-2B87-4B2F-A55C-397F23093360}.Release|Any CPU.ActiveCfg = Release|Any CPU
		{FA09839B-2B87-4B2F-A55C-397F23093360}.Release|Any CPU.Build.0 = Release|Any CPU
		{97CF52FC-1DD5-40B8-A4E1-97A290388FE0}.Debug|Any CPU.ActiveCfg = Debug|Any CPU
		{97CF52FC-1DD5-40B8-A4E1-97A290388FE0}.Debug|Any CPU.Build.0 = Debug|Any CPU
		{97CF52FC-1DD5-40B8-A4E1-97A290388FE0}.Release|Any CPU.ActiveCfg = Release|Any CPU
		{97CF52FC-1DD5-40B8-A4E1-97A290388FE0}.Release|Any CPU.Build.0 = Release|Any CPU
	EndGlobalSection
	GlobalSection(SolutionProperties) = preSolution
		HideSolutionNode = FALSE
	EndGlobalSection
	GlobalSection(ExtensibilityGlobals) = postSolution
		SolutionGuid = {EE2A2185-23E6-4C8B-AF3B-8F269A79E2B0}
	EndGlobalSection
EndGlobal
